
Microsoft Visual Studio Solution File, Format Version 12.00
# Visual Studio Version 17
VisualStudioVersion = 17.5.33516.290
MinimumVisualStudioVersion = 10.0.40219.1
Project("{FAE04EC0-301F-11D3-BF4B-00C04F79EFBC}") = "GPTB2", "GPTB2\GPTB2.csproj", "{076B6ADA-B877-41EA-9C22-EDA0833A5A98}"
EndProject
Global
	GlobalSection(SolutionConfigurationPlatforms) = preSolution
		Debug|Any CPU = Debug|Any CPU
		Release|Any CPU = Release|Any CPU
	EndGlobalSection
	GlobalSection(ProjectConfigurationPlatforms) = postSolution
		{076B6ADA-B877-41EA-9C22-EDA0833A5A98}.Debug|Any CPU.ActiveCfg = Debug|Any CPU
		{076B6ADA-B877-41EA-9C22-EDA0833A5A98}.Debug|Any CPU.Build.0 = Debug|Any CPU
		{076B6ADA-B877-41EA-9C22-EDA0833A5A98}.Release|Any CPU.ActiveCfg = Release|Any CPU
		{076B6ADA-B877-41EA-9C22-EDA0833A5A98}.Release|Any CPU.Build.0 = Release|Any CPU
	EndGlobalSection
	GlobalSection(SolutionProperties) = preSolution
		HideSolutionNode = FALSE
	EndGlobalSection
	GlobalSection(ExtensibilityGlobals) = postSolution
		SolutionGuid = {CDBD50AF-A749-49C8-A816-E07991586D36}
	EndGlobalSection
EndGlobal
